// !$*UTF8*$!
{
	archiveVersion = 1;
	classes = {
	};
	objectVersion = 46;
	objects = {

/* Begin PBXBuildFile section */
		1DDD58160DA1D0A300B32029 /* MainMenu.xib in Resources */ = {isa = PBXBuildFile; fileRef = 1DDD58140DA1D0A300B32029 /* MainMenu.xib */; };
		8D11072B0486CEB800E47090 /* InfoPlist.strings in Resources */ = {isa = PBXBuildFile; fileRef = 089C165CFE840E0CC02AAC07 /* InfoPlist.strings */; };
		8D11072D0486CEB800E47090 /* main.m in Sources */ = {isa = PBXBuildFile; fileRef = 29B97316FDCFA39411CA2CEA /* main.m */; settings = {ATTRIBUTES = (); }; };
		8D11072F0486CEB800E47090 /* Cocoa.framework in Frameworks */ = {isa = PBXBuildFile; fileRef = 1058C7A1FEA54F0111CA2CBB /* Cocoa.framework */; };
		92814309120032E20024A709 /* StatusitemController.m in Sources */ = {isa = PBXBuildFile; fileRef = 92814308120032E20024A709 /* StatusitemController.m */; };
		929393EB1209783400476465 /* PreferenceController.m in Sources */ = {isa = PBXBuildFile; fileRef = 929393EA1209783400476465 /* PreferenceController.m */; };
		9293956A1209A80D00476465 /* Preferences.xib in Resources */ = {isa = PBXBuildFile; fileRef = 929395691209A80D00476465 /* Preferences.xib */; };
		92AF6BF61209C0B800185D01 /* WordShuffle.icns in Resources */ = {isa = PBXBuildFile; fileRef = 92AF6BF51209C0B800185D01 /* WordShuffle.icns */; };
		92CAFBF9120858CE007D7A56 /* Localizable.strings in Resources */ = {isa = PBXBuildFile; fileRef = 92CAFBF7120858CE007D7A56 /* Localizable.strings */; };
		92EBA96911F9D24B004EEC54 /* WordController.m in Sources */ = {isa = PBXBuildFile; fileRef = 92D0F21911F8369900AF3222 /* WordController.m */; };
		92EBA96A11F9D24C004EEC54 /* WordPicker.m in Sources */ = {isa = PBXBuildFile; fileRef = 92C28B2711F8843600394597 /* WordPicker.m */; };
		92EBA96C11F9D24E004EEC54 /* WordShuffleAppDelegate.m in Sources */ = {isa = PBXBuildFile; fileRef = 256AC3D90F4B6AC300CF3369 /* WordShuffleAppDelegate.m */; };
		92F5CB181203FAB300D6B0FE /* icon.png in Resources */ = {isa = PBXBuildFile; fileRef = 92F5CB171203FAB300D6B0FE /* icon.png */; };
/* End PBXBuildFile section */

/* Begin PBXFileReference section */
		089C165DFE840E0CC02AAC07 /* English */ = {isa = PBXFileReference; fileEncoding = 4; lastKnownFileType = text.plist.strings; name = English; path = English.lproj/InfoPlist.strings; sourceTree = "<group>"; };
		1058C7A1FEA54F0111CA2CBB /* Cocoa.framework */ = {isa = PBXFileReference; lastKnownFileType = wrapper.framework; name = Cocoa.framework; path = /System/Library/Frameworks/Cocoa.framework; sourceTree = "<absolute>"; };
		13E42FB307B3F0F600E4EEF1 /* CoreData.framework */ = {isa = PBXFileReference; lastKnownFileType = wrapper.framework; name = CoreData.framework; path = /System/Library/Frameworks/CoreData.framework; sourceTree = "<absolute>"; };
		1DDD58150DA1D0A300B32029 /* English */ = {isa = PBXFileReference; lastKnownFileType = file.xib; name = English; path = English.lproj/MainMenu.xib; sourceTree = "<group>"; };
		256AC3D80F4B6AC300CF3369 /* WordShuffleAppDelegate.h */ = {isa = PBXFileReference; fileEncoding = 4; lastKnownFileType = sourcecode.c.h; path = WordShuffleAppDelegate.h; sourceTree = "<group>"; };
		256AC3D90F4B6AC300CF3369 /* WordShuffleAppDelegate.m */ = {isa = PBXFileReference; fileEncoding = 4; lastKnownFileType = sourcecode.c.objc; path = WordShuffleAppDelegate.m; sourceTree = "<group>"; };
		256AC3F00F4B6AF500CF3369 /* WordShuffle_Prefix.pch */ = {isa = PBXFileReference; fileEncoding = 4; lastKnownFileType = sourcecode.c.h; path = WordShuffle_Prefix.pch; sourceTree = "<group>"; };
		29B97316FDCFA39411CA2CEA /* main.m */ = {isa = PBXFileReference; fileEncoding = 4; lastKnownFileType = sourcecode.c.objc; path = main.m; sourceTree = "<group>"; };
		29B97324FDCFA39411CA2CEA /* AppKit.framework */ = {isa = PBXFileReference; lastKnownFileType = wrapper.framework; name = AppKit.framework; path = /System/Library/Frameworks/AppKit.framework; sourceTree = "<absolute>"; };
		29B97325FDCFA39411CA2CEA /* Foundation.framework */ = {isa = PBXFileReference; lastKnownFileType = wrapper.framework; name = Foundation.framework; path = /System/Library/Frameworks/Foundation.framework; sourceTree = "<absolute>"; };
		8D1107310486CEB800E47090 /* WordShuffle-Info.plist */ = {isa = PBXFileReference; fileEncoding = 4; lastKnownFileType = text.plist.xml; path = "WordShuffle-Info.plist"; sourceTree = "<group>"; };
		8D1107320486CEB800E47090 /* WordShuffle.app */ = {isa = PBXFileReference; explicitFileType = wrapper.application; includeInIndex = 0; path = WordShuffle.app; sourceTree = BUILT_PRODUCTS_DIR; };
		92814307120032E20024A709 /* StatusitemController.h */ = {isa = PBXFileReference; fileEncoding = 4; lastKnownFileType = sourcecode.c.h; path = StatusitemController.h; sourceTree = "<group>"; };
		92814308120032E20024A709 /* StatusitemController.m */ = {isa = PBXFileReference; fileEncoding = 4; lastKnownFileType = sourcecode.c.objc; path = StatusitemController.m; sourceTree = "<group>"; };
		929393E31209748B00476465 /* English */ = {isa = PBXFileReference; lastKnownFileType = file.xib; name = English; path = English.lproj/Preferences.xib; sourceTree = "<group>"; };
		929393E91209783400476465 /* PreferenceController.h */ = {isa = PBXFileReference; fileEncoding = 4; lastKnownFileType = sourcecode.c.h; path = PreferenceController.h; sourceTree = "<group>"; };
		929393EA1209783400476465 /* PreferenceController.m */ = {isa = PBXFileReference; fileEncoding = 4; lastKnownFileType = sourcecode.c.objc; path = PreferenceController.m; sourceTree = "<group>"; };
		9293956B1209A81500476465 /* zh_CN */ = {isa = PBXFileReference; lastKnownFileType = file.xib; name = zh_CN; path = zh_CN.lproj/Preferences.xib; sourceTree = "<group>"; };
		92AF6BF51209C0B800185D01 /* WordShuffle.icns */ = {isa = PBXFileReference; lastKnownFileType = image.icns; path = WordShuffle.icns; sourceTree = "<group>"; };
		92C28B2611F8843600394597 /* WordPicker.h */ = {isa = PBXFileReference; fileEncoding = 4; lastKnownFileType = sourcecode.c.h; path = WordPicker.h; sourceTree = "<group>"; };
		92C28B2711F8843600394597 /* WordPicker.m */ = {isa = PBXFileReference; fileEncoding = 4; lastKnownFileType = sourcecode.c.objc; path = WordPicker.m; sourceTree = "<group>"; };
		92CAFBE41208535C007D7A56 /* zh_CN */ = {isa = PBXFileReference; lastKnownFileType = file.xib; name = zh_CN; path = zh_CN.lproj/MainMenu.xib; sourceTree = "<group>"; };
		92CAFBF8120858CE007D7A56 /* English */ = {isa = PBXFileReference; fileEncoding = 4; lastKnownFileType = text.plist.strings; name = English; path = English.lproj/Localizable.strings; sourceTree = "<group>"; };
		92CAFBFB12085920007D7A56 /* zh_CN */ = {isa = PBXFileReference; fileEncoding = 4; lastKnownFileType = text.plist.strings; name = zh_CN; path = zh_CN.lproj/Localizable.strings; sourceTree = "<group>"; };
		92D0F21811F8369900AF3222 /* WordController.h */ = {isa = PBXFileReference; fileEncoding = 4; lastKnownFileType = sourcecode.c.h; path = WordController.h; sourceTree = "<group>"; };
		92D0F21911F8369900AF3222 /* WordController.m */ = {isa = PBXFileReference; fileEncoding = 4; lastKnownFileType = sourcecode.c.objc; path = WordController.m; sourceTree = "<group>"; };
		92F5CB171203FAB300D6B0FE /* icon.png */ = {isa = PBXFileReference; lastKnownFileType = image.png; path = icon.png; sourceTree = "<group>"; };
/* End PBXFileReference section */

/* Begin PBXFrameworksBuildPhase section */
		8D11072E0486CEB800E47090 /* Frameworks */ = {
			isa = PBXFrameworksBuildPhase;
			buildActionMask = 2147483647;
			files = (
				8D11072F0486CEB800E47090 /* Cocoa.framework in Frameworks */,
			);
			runOnlyForDeploymentPostprocessing = 0;
		};
/* End PBXFrameworksBuildPhase section */

/* Begin PBXGroup section */
		080E96DDFE201D6D7F000001 /* Classes */ = {
			isa = PBXGroup;
			children = (
				256AC3D80F4B6AC300CF3369 /* WordShuffleAppDelegate.h */,
				256AC3D90F4B6AC300CF3369 /* WordShuffleAppDelegate.m */,
				92814307120032E20024A709 /* StatusitemController.h */,
				92814308120032E20024A709 /* StatusitemController.m */,
				929393E91209783400476465 /* PreferenceController.h */,
				929393EA1209783400476465 /* PreferenceController.m */,
				92D0F21811F8369900AF3222 /* WordController.h */,
				92D0F21911F8369900AF3222 /* WordController.m */,
				92C28B2611F8843600394597 /* WordPicker.h */,
				92C28B2711F8843600394597 /* WordPicker.m */,
			);
			name = Classes;
			sourceTree = "<group>";
		};
		1058C7A0FEA54F0111CA2CBB /* Linked Frameworks */ = {
			isa = PBXGroup;
			children = (
				1058C7A1FEA54F0111CA2CBB /* Cocoa.framework */,
			);
			name = "Linked Frameworks";
			sourceTree = "<group>";
		};
		1058C7A2FEA54F0111CA2CBB /* Other Frameworks */ = {
			isa = PBXGroup;
			children = (
				29B97324FDCFA39411CA2CEA /* AppKit.framework */,
				13E42FB307B3F0F600E4EEF1 /* CoreData.framework */,
				29B97325FDCFA39411CA2CEA /* Foundation.framework */,
			);
			name = "Other Frameworks";
			sourceTree = "<group>";
		};
		19C28FACFE9D520D11CA2CBB /* Products */ = {
			isa = PBXGroup;
			children = (
				8D1107320486CEB800E47090 /* WordShuffle.app */,
			);
			name = Products;
			sourceTree = "<group>";
		};
		29B97314FDCFA39411CA2CEA /* WordShuffle */ = {
			isa = PBXGroup;
			children = (
				080E96DDFE201D6D7F000001 /* Classes */,
				29B97315FDCFA39411CA2CEA /* Other Sources */,
				29B97317FDCFA39411CA2CEA /* Resources */,
				29B97323FDCFA39411CA2CEA /* Frameworks */,
				19C28FACFE9D520D11CA2CBB /* Products */,
			);
			name = WordShuffle;
			sourceTree = "<group>";
		};
		29B97315FDCFA39411CA2CEA /* Other Sources */ = {
			isa = PBXGroup;
			children = (
				256AC3F00F4B6AF500CF3369 /* WordShuffle_Prefix.pch */,
				29B97316FDCFA39411CA2CEA /* main.m */,
			);
			name = "Other Sources";
			sourceTree = "<group>";
		};
		29B97317FDCFA39411CA2CEA /* Resources */ = {
			isa = PBXGroup;
			children = (
				92AF6BF51209C0B800185D01 /* WordShuffle.icns */,
				92F5CB171203FAB300D6B0FE /* icon.png */,
				8D1107310486CEB800E47090 /* WordShuffle-Info.plist */,
				089C165CFE840E0CC02AAC07 /* InfoPlist.strings */,
				1DDD58140DA1D0A300B32029 /* MainMenu.xib */,
				92CAFBF7120858CE007D7A56 /* Localizable.strings */,
				929395691209A80D00476465 /* Preferences.xib */,
			);
			name = Resources;
			sourceTree = "<group>";
		};
		29B97323FDCFA39411CA2CEA /* Frameworks */ = {
			isa = PBXGroup;
			children = (
				1058C7A0FEA54F0111CA2CBB /* Linked Frameworks */,
				1058C7A2FEA54F0111CA2CBB /* Other Frameworks */,
			);
			name = Frameworks;
			sourceTree = "<group>";
		};
/* End PBXGroup section */

/* Begin PBXNativeTarget section */
		8D1107260486CEB800E47090 /* WordShuffle */ = {
			isa = PBXNativeTarget;
			buildConfigurationList = C01FCF4A08A954540054247B /* Build configuration list for PBXNativeTarget "WordShuffle" */;
			buildPhases = (
				8D1107290486CEB800E47090 /* Resources */,
				8D11072C0486CEB800E47090 /* Sources */,
				8D11072E0486CEB800E47090 /* Frameworks */,
			);
			buildRules = (
			);
			dependencies = (
			);
			name = WordShuffle;
			productInstallPath = "$(HOME)/Applications";
			productName = WordShuffle;
			productReference = 8D1107320486CEB800E47090 /* WordShuffle.app */;
			productType = "com.apple.product-type.application";
		};
/* End PBXNativeTarget section */

/* Begin PBXProject section */
		29B97313FDCFA39411CA2CEA /* Project object */ = {
			isa = PBXProject;
			attributes = {
				ORGANIZATIONNAME = leafduo.com;
			};
			buildConfigurationList = C01FCF4E08A954540054247B /* Build configuration list for PBXProject "WordShuffle" */;
			compatibilityVersion = "Xcode 3.2";
			hasScannedForEncodings = 1;
			knownRegions = (
				English,
				Japanese,
				French,
				German,
				zh_CN,
			);
			mainGroup = 29B97314FDCFA39411CA2CEA /* WordShuffle */;
			projectDirPath = "";
			projectRoot = "";
			targets = (
				8D1107260486CEB800E47090 /* WordShuffle */,
			);
		};
/* End PBXProject section */

/* Begin PBXResourcesBuildPhase section */
		8D1107290486CEB800E47090 /* Resources */ = {
			isa = PBXResourcesBuildPhase;
			buildActionMask = 2147483647;
			files = (
				8D11072B0486CEB800E47090 /* InfoPlist.strings in Resources */,
				1DDD58160DA1D0A300B32029 /* MainMenu.xib in Resources */,
				92F5CB181203FAB300D6B0FE /* icon.png in Resources */,
				92CAFBF9120858CE007D7A56 /* Localizable.strings in Resources */,
				9293956A1209A80D00476465 /* Preferences.xib in Resources */,
				92AF6BF61209C0B800185D01 /* WordShuffle.icns in Resources */,
			);
			runOnlyForDeploymentPostprocessing = 0;
		};
/* End PBXResourcesBuildPhase section */

/* Begin PBXSourcesBuildPhase section */
		8D11072C0486CEB800E47090 /* Sources */ = {
			isa = PBXSourcesBuildPhase;
			buildActionMask = 2147483647;
			files = (
				8D11072D0486CEB800E47090 /* main.m in Sources */,
				92EBA96911F9D24B004EEC54 /* WordController.m in Sources */,
				92EBA96A11F9D24C004EEC54 /* WordPicker.m in Sources */,
				92EBA96C11F9D24E004EEC54 /* WordShuffleAppDelegate.m in Sources */,
				92814309120032E20024A709 /* StatusitemController.m in Sources */,
				929393EB1209783400476465 /* PreferenceController.m in Sources */,
			);
			runOnlyForDeploymentPostprocessing = 0;
		};
/* End PBXSourcesBuildPhase section */

/* Begin PBXVariantGroup section */
		089C165CFE840E0CC02AAC07 /* InfoPlist.strings */ = {
			isa = PBXVariantGroup;
			children = (
				089C165DFE840E0CC02AAC07 /* English */,
			);
			name = InfoPlist.strings;
			sourceTree = "<group>";
		};
		1DDD58140DA1D0A300B32029 /* MainMenu.xib */ = {
			isa = PBXVariantGroup;
			children = (
				1DDD58150DA1D0A300B32029 /* English */,
				92CAFBE41208535C007D7A56 /* zh_CN */,
			);
			name = MainMenu.xib;
			sourceTree = "<group>";
		};
		929395691209A80D00476465 /* Preferences.xib */ = {
			isa = PBXVariantGroup;
			children = (
				929393E31209748B00476465 /* English */,
				9293956B1209A81500476465 /* zh_CN */,
			);
			name = Preferences.xib;
			sourceTree = "<group>";
		};
		92CAFBF7120858CE007D7A56 /* Localizable.strings */ = {
			isa = PBXVariantGroup;
			children = (
				92CAFBF8120858CE007D7A56 /* English */,
				92CAFBFB12085920007D7A56 /* zh_CN */,
			);
			name = Localizable.strings;
			sourceTree = "<group>";
		};
/* End PBXVariantGroup section */

/* Begin XCBuildConfiguration section */
		C01FCF4B08A954540054247B /* Debug */ = {
			isa = XCBuildConfiguration;
			buildSettings = {
				ALWAYS_SEARCH_USER_PATHS = NO;
				COPY_PHASE_STRIP = NO;
				GCC_DYNAMIC_NO_PIC = NO;
				GCC_ENABLE_FIX_AND_CONTINUE = YES;
				GCC_MODEL_TUNING = G5;
				GCC_OPTIMIZATION_LEVEL = 0;
				GCC_PRECOMPILE_PREFIX_HEADER = YES;
				GCC_PREFIX_HEADER = WordShuffle_Prefix.pch;
				INFOPLIST_FILE = "WordShuffle-Info.plist";
				INSTALL_PATH = "$(HOME)/Applications";
				PRODUCT_NAME = WordShuffle;
			};
			name = Debug;
		};
		C01FCF4C08A954540054247B /* Release */ = {
			isa = XCBuildConfiguration;
			buildSettings = {
				ALWAYS_SEARCH_USER_PATHS = NO;
				DEBUG_INFORMATION_FORMAT = "dwarf-with-dsym";
				GCC_MODEL_TUNING = G5;
				GCC_PRECOMPILE_PREFIX_HEADER = YES;
				GCC_PREFIX_HEADER = WordShuffle_Prefix.pch;
				INFOPLIST_FILE = "WordShuffle-Info.plist";
				INSTALL_PATH = "$(HOME)/Applications";
				PRODUCT_NAME = WordShuffle;
			};
			name = Release;
		};
		C01FCF4F08A954540054247B /* Debug */ = {
			isa = XCBuildConfiguration;
			buildSettings = {
				ARCHS = "$(ARCHS_STANDARD_32_64_BIT)";
				GCC_C_LANGUAGE_STANDARD = gnu99;
				GCC_OPTIMIZATION_LEVEL = 0;
				GCC_VERSION = com.apple.compilers.llvm.clang.1_0;
				GCC_WARN_ABOUT_RETURN_TYPE = YES;
				GCC_WARN_UNUSED_VARIABLE = YES;
				ONLY_ACTIVE_ARCH = YES;
				PREBINDING = NO;
				SDKROOT = macosx10.6;
			};
			name = Debug;
		};
		C01FCF5008A954540054247B /* Release */ = {
			isa = XCBuildConfiguration;
			buildSettings = {
				ARCHS = "$(ARCHS_STANDARD_32_64_BIT)";
				GCC_C_LANGUAGE_STANDARD = gnu99;
				GCC_WARN_ABOUT_RETURN_TYPE = YES;
				GCC_WARN_UNUSED_VARIABLE = YES;
				PREBINDING = NO;
				SDKROOT = macosx10.6;
			};
			name = Release;
		};
/* End XCBuildConfiguration section */

/* Begin XCConfigurationList section */
		C01FCF4A08A954540054247B /* Build configuration list for PBXNativeTarget "WordShuffle" */ = {
			isa = XCConfigurationList;
			buildConfigurations = (
				C01FCF4B08A954540054247B /* Debug */,
				C01FCF4C08A954540054247B /* Release */,
			);
			defaultConfigurationIsVisible = 0;
			defaultConfigurationName = Release;
		};
		C01FCF4E08A954540054247B /* Build configuration list for PBXProject "WordShuffle" */ = {
			isa = XCConfigurationList;
			buildConfigurations = (
				C01FCF4F08A954540054247B /* Debug */,
				C01FCF5008A954540054247B /* Release */,
			);
			defaultConfigurationIsVisible = 0;
			defaultConfigurationName = Release;
		};
/* End XCConfigurationList section */
	};
	rootObject = 29B97313FDCFA39411CA2CEA /* Project object */;
}
